<?xml version="1.0" encoding="utf-8"?>
<Project ToolsVersion="4.0" xmlns="http://schemas.microsoft.com/developer/msbuild/2003">
  <ItemGroup>
    <Filter Include="Source Files">
      <UniqueIdentifier>{4FC737F1-C7A5-4376-A066-2A32D752A2FF}</UniqueIdentifier>
      <Extensions>cpp;c;cc;cxx;def;odl;idl;hpj;bat;asm;asmx</Extensions>
    </Filter>
    <Filter Include="Header Files">
      <UniqueIdentifier>{93995380-89BD-4b04-88EB-625FBE52EBFB}</UniqueIdentifier>
      <Extensions>h;hh;hpp;hxx;hm;inl;inc;xsd</Extensions>
    </Filter>
    <Filter Include="Resource Files">
      <UniqueIdentifier>{67DA6AB6-F800-4c08-8B7A-83BB121AAD01}</UniqueIdentifier>
      <Extensions>rc;ico;cur;bmp;dlg;rc2;rct;bin;rgs;gif;jpg;jpeg;jpe;resx;tiff;tif;png;wav;mfcribbon-ms</Extensions>
    </Filter>
    <Filter Include="Source Files\Core">
      <UniqueIdentifier>{a854114f-259d-49ea-b302-fd0864264b91}</UniqueIdentifier>
    </Filter>
    <Filter Include="Source Files\Core\Graphis">
      <UniqueIdentifier>{350df4d6-94b9-439e-a978-dd2e37c8644f}</UniqueIdentifier>
    </Filter>
    <Filter Include="Source Files\Core\Math">
      <UniqueIdentifier>{8a54c8d6-b3c8-46dc-ba76-533342ca48f3}</UniqueIdentifier>
    </Filter>
    <Filter Include="Source Files\HelpFuncktions">
      <UniqueIdentifier>{c4b0d00b-7c39-459d-8f8e-3d1953a17e22}</UniqueIdentifier>
    </Filter>
  </ItemGroup>
  <ItemGroup>
    <ClCompile Include="main.cpp">
      <Filter>Source Files</Filter>
    </ClCompile>
    <ClCompile Include="cWindow.cpp">
      <Filter>Source Files\Core\Graphis</Filter>
    </ClCompile>
    <ClCompile Include="sVector2.cpp">
      <Filter>Source Files\Core\Math</Filter>
    </ClCompile>
    <ClCompile Include="sVector3.cpp">
      <Filter>Source Files\Core\Math</Filter>
    </ClCompile>
    <ClCompile Include="sVector4.cpp">
      <Filter>Source Files\Core\Math</Filter>
    </ClCompile>
    <ClCompile Include="sMatrix4.cpp">
      <Filter>Source Files\Core\Math</Filter>
    </ClCompile>
    <ClCompile Include="helpers.cpp">
      <Filter>Source Files\HelpFuncktions</Filter>
    </ClCompile>
    <ClCompile Include="cShader.cpp">
      <Filter>Source Files\Core\Graphis</Filter>
    </ClCompile>
  </ItemGroup>
  <ItemGroup>
    <None Include="packages.config" />
    <None Include="basic.vert" />
    <None Include="basic.frag" />
  </ItemGroup>
  <ItemGroup>
    <ClInclude Include="cWindow.h">
      <Filter>Header Files</Filter>
    </ClInclude>
    <ClInclude Include="sVector2.h">
      <Filter>Header Files</Filter>
    </ClInclude>
    <ClInclude Include="sVector3.h">
      <Filter>Header Files</Filter>
    </ClInclude>
    <ClInclude Include="sVector4.h">
      <Filter>Header Files</Filter>
    </ClInclude>
    <ClInclude Include="Maths.h">
      <Filter>Header Files</Filter>
    </ClInclude>
    <ClInclude Include="sMatrix4.h">
      <Filter>Header Files</Filter>
    </ClInclude>
    <ClInclude Include="Helpers.h">
      <Filter>Header Files</Filter>
    </ClInclude>
    <ClInclude Include="cShader.h">
      <Filter>Header Files</Filter>
    </ClInclude>
  </ItemGroup>
</Project>